github.com/lestrrat/go-libxml2 v0.0.0-20180221004755-bb78334e2019 h1:en8rJ3VyEHu5PsxCAusCcUORe6l4tJ85jgs5eZgLxdU=
github.com/lestrrat/go-libxml2 v0.0.0-20180221004755-bb78334e2019/go.mod h1:tm9lPXmUGwXWyVBjwCB3mIN/uWM3PwZv68d7i932xvc=
github.com/pkg/errors v0.9.1 h1:FEBLx1zS214owpjy7qsBeixbURkuhQAwrK5UwLGTwt4=
github.com/pkg/errors v0.9.1/go.mod h1:bwawxfHBFNV+L2hUp1rHADufV3IMtnDRdf1r5NINEl0=
